github.com/aws/aws-sdk-go v1.43.41 h1:HaazVplP8/t6SOfybQlNUmjAxLWDKdLdX8BSEHFlJdY=
github.com/aws/aws-sdk-go-v2 v1.20.1 h1:rZBf5DWr7YGrnlTK4kgDQGn1ltqOg5orCYb/UhOFZkg=
github.com/aws/aws-sdk-go-v2/aws/protocol/eventstream v1.2.0 h1:scBthy70MB3m4LCMFaBcmYCyR2XWOz6MxSfdSu/+fQo=
github.com/aws/aws-sdk-go-v2/config v1.13.0 h1:1ij3YPk13RrIn1h+pH+dArh3lNPD5JSAP+ifOkNhnB0=
github.com/aws/aws-sdk-go-v2/credentials v1.8.0 h1:8Ow0WcyDesGNL0No11jcgb1JAtE+WtubqXjgxau+S0o=
github.com/aws/aws-sdk-go-v2/feature/ec2/imds v1.10.0 h1:NITDuUZO34mqtOwFWZiXo7yAHj7kf+XPE+EiKuCBNUI=
github.com/aws/aws-sdk-go-v2/feature/s3/manager v1.9.0 h1:dQYWipBpXgvM+6jz/qxBdNuI+nnerQUazRk5PmTLHlA=
github.com/aws/aws-sdk-go-v2/internal/configsources v1.1.38 h1:c8ed/T9T2K5I+h/JzmF5tpI46+OODQ74dzmdo+QnaMg=
github.com/aws/aws-sdk-go-v2/internal/endpoints/v2 v2.4.32 h1:hNeAAymUY5gu11WrrmFb3CVIp9Dar9hbo44yzzcQpzA=
github.com/aws/aws-sdk-go-v2/internal/ini v1.3.4 h1:0NrDHIwS1LIR750ltj6ciiu4NZLpr9rgq8vHi/4QD4s=
github.com/aws/aws-sdk-go-v2/service/apigateway v1.13.0 h1:9V9A/8bVyGOXC82TfJPK8eF8NkONyJ61v58yNmxCErM=
github.com/aws/aws-sdk-go-v2/service/cognitoidentityprovider v1.12.0 h1:PTX6tsvfcHbCdCzIPiQwcqhgChafoDDHEKV0vhmIcp0=
github.com/aws/aws-sdk-go-v2/service/dynamodb v1.13.0 h1:Xlmdkxi8WcIwX5Cy9BS+scWcmvARw8pg0bi7kaeERUY=
github.com/aws/aws-sdk-go-v2/service/ec2 v1.112.0 h1:8I4NQ9BfrQATHzXKtBuu+jBdOVd2mBANqhbMOXfSIdA=
github.com/aws/aws-sdk-go-v2/service/internal/accept-encoding v1.7.0 h1:F1diQIOkNn8jcez4173r+PLPdkWK7chy74r3fKpDrLI=
github.com/aws/aws-sdk-go-v2/service/internal/endpoint-discovery v1.5.0 h1:tzVhIPr/psp8Gb2Blst9mq6HklkhAGPqv2eaiSq6yoU=
github.com/aws/aws-sdk-go-v2/service/internal/presigned-url v1.9.32 h1:dGAseBFEYxth10V23b5e2mAS+tX7oVbfYHD6dnDdAsg=
github.com/aws/aws-sdk-go-v2/service/internal/s3shared v1.11.0 h1:XAe+PDnaBELHr25qaJKfB415V4CKFWE8H+prUreql8k=
github.com/aws/aws-sdk-go-v2/service/lambda v1.17.0 h1:srsnTp5wXXOepYDIUQBT6l1vUPeX+7RCj/5HpQsgOKE=
github.com/aws/aws-sdk-go-v2/service/s3 v1.24.0 h1:REKac2iT0HYxUSzqOSuncnmsZnE3m4MlGfo1dOUN3vg=
github.com/aws/aws-sdk-go-v2/service/s3control v1.18.0 h1:Brzv/lqg509liivC8YNxSfU951Cc56zPnge1kStOYxM=
github.com/aws/aws-sdk-go-v2/service/sns v1.15.0 h1:L2C+CaTVpa2kO0aijS7pVQFTGzGTmTDPcGQFp7NB/Gs=
github.com/aws/aws-sdk-go-v2/service/sqs v1.16.0 h1:dzWS4r8E9bA0TesHM40FSAtedwpTVCuTsLI8EziSqyk=
github.com/aws/aws-sdk-go-v2/service/sso v1.9.0 h1:1qLJeQGBmNQW3mBNzK2CFmrQNmoXWrscPqsrAaU1aTA=
github.com/aws/aws-sdk-go-v2/service/sts v1.14.0 h1:ksiDXhvNYg0D2/UFkLejsaz3LqpW5yjNQ8Nx9Sn2c0E=
github.com/aws/smithy-go v1.14.1 h1:EFKMUmH/iHMqLiwoEDx2rRjRQpI1YCn5jTysoaDujFs=
github.com/cpuguy83/go-md2man/v2 v2.0.2 h1:p1EgwI/C7NhT0JmVkwCD2ZBK8j4aeHQX2pMHHBfMQ6w=
github.com/davecgh/go-spew v1.1.1 h1:vj9j/u1bqnvCEfJOwUhtlOARqs3+rkHYY13jYWTU97c=
github.com/felipemarinho97/invest-path/clients v1.2.0 h1:tfXhVMQ05vAaYrepos8Yqc2WbYGGN7lDWmXxh/9nvik=
github.com/felipemarinho97/invest-path/util v1.0.1 h1:mqeu2Y0hvA+TPT2yh6ldgCa5mR5vOr2Y/N6cK5xSN50=
github.com/go-playground/assert/v2 v2.0.1 h1:MsBgLAaY856+nPRTKrp3/OZK38U/wa0CcBYNjji3q3A=
github.com/go-playground/locales v0.14.0 h1:u50s323jtVGugKlcYeyzC0etD1HifMjqmJqb8WugfUU=
github.com/go-playground/universal-translator v0.18.0 h1:82dyy6p4OuJq4/CByFNOn/jYrnRPArHwAcmLoJZxyho=
github.com/go-playground/validator/v10 v10.11.0 h1:0W+xRM511GY47Yy3bZUbJVitCNg2BOGlCyvTqsp/xIw=
github.com/google/go-cmp v0.5.8 h1:e6P7q2lk1O+qJJb4BtCQXlK8vWEO8V1ZeuEdJNOqZyg=
github.com/jmespath/go-jmespath v0.4.0 h1:BEgLn5cpjn8UN1mAw4NjwDrS35OdebyEtFe+9YPoQUg=
github.com/jmespath/go-jmespath/internal/testify v1.5.1 h1:shLQSRRSCCPj3f2gpwzGwWFoC7ycTf1rcQZHOlsJ6N8=
github.com/kr/pretty v0.3.0 h1:WgNl7dwNpEZ6jJ9k1snq4pZsg7DOEN8hP9Xw0Tsjwk0=
github.com/kr/text v0.2.0 h1:5Nx0Ya0ZqY2ygV366QzturHI13Jq95ApcVaJBhpS+AY=
github.com/leodido/go-urn v1.2.1 h1:BqpAaACuzVSgi/VLzGZIobT2z4v53pjosyNd9Yv6n/w=
github.com/pmezard/go-difflib v1.0.0 h1:4DBwDE0NGyQoBHbLQYPwSUPoCMWR5BEzIk/f1lZbAQM=
github.com/rogpeppe/go-internal v1.8.0 h1:FCbCCtXNOY3UtUuHUYaghJg4y7Fd14rXifAYUAtL9R8=
github.com/russross/blackfriday/v2 v2.1.0 h1:JIOH55/0cWyOuilr9/qlrm0BSXldqnqwMsf35Ld67mk=
github.com/samber/lo v1.38.1 h1:j2XEAqXKb09Am4ebOg31SpvzUTTs6EN3VfgeLUhPdXM=
github.com/satori/go.uuid v1.2.0 h1:0uYX9dsZ2yD7q2RtLRtPSdGDWzjeM3TbMJP9utgA0ww=
github.com/stretchr/testify v1.7.0 h1:nwc3DEeHmmLAfoZucVR881uASk0Mfjw8xYJ99tb5CcY=
github.com/urfave/cli/v2 v2.25.7 h1:VAzn5oq403l5pHjc4OhD54+XGO9cdKVL/7lDjF+iKUs=
github.com/xrash/smetrics v0.0.0-20201216005158-039620a65673 h1:bAn7/zixMGCfxrRTfdpNzjtPYqr8smhKouy9mxVdGPU=
golang.org/x/crypto v0.0.0-20220131195533-30dcbda58838 h1:71vQrMauZZhcTVK6KdYM+rklehEEwb3E+ZhaE5jrPrE=
golang.org/x/exp v0.0.0-20220303212507-bbda1eaf7a17 h1:3MTrJm4PyNL9NBqvYDSj3DHl46qQakyfqfWo4jgfaEM=
golang.org/x/sys v0.0.0-20220128215802-99c3d69c2c27 h1:XDXtA5hveEEV8JB2l7nhMTp3t3cHp9ZpwcdjqyEWLlo=
golang.org/x/term v0.0.0-20210927222741-03fcf44c2211 h1:JGgROgKl9N8DuW20oFS5gxc+lE67/N3FcwmBPMe7ArY=
golang.org/x/text v0.3.7 h1:olpwvP2KacW1ZWvsR7uQhoyTYvKAupfQrRGBFM352Gk=
gopkg.in/check.v1 v1.0.0-20201130134442-10cb98267c6c h1:Hei/4ADfdWqJk1ZMxUNpqntNwaWcugrBjAiHlqqRiVk=
gopkg.in/yaml.v2 v2.2.8 h1:obN1ZagJSUGI0Ek/LBmuj4SNLPfIny3KsKFopxRdj10=
gopkg.in/yaml.v3 v3.0.1 h1:fxVm/GzAzEWqLHuvctI91KS9hhNmmWOoWu0XTYJS7CA=
