github.com/aws/aws-sdk-go v1.43.41 h1:HaazVplP8/t6SOfybQlNUmjAxLWDKdLdX8BSEHFlJdY=
github.com/aws/aws-sdk-go v1.43.41/go.mod h1:y4AeaBuwd2Lk+GepC1E9v0qOiTws0MIWAX4oIKwKHZo=
github.com/aws/aws-sdk-go-v2 v1.13.0/go.mod h1:L6+ZpqHaLbAaxsqV0L4cvxZY7QupWJB4fhkf8LXvC7w=
github.com/aws/aws-sdk-go-v2 v1.20.1 h1:rZBf5DWr7YGrnlTK4kgDQGn1ltqOg5orCYb/UhOFZkg=
github.com/aws/aws-sdk-go-v2 v1.20.1/go.mod h1:NU06lETsFm8fUC6ZjhgDpVBcGZTFQ6XM+LZWZxMI4ac=
github.com/aws/aws-sdk-go-v2/aws/protocol/eventstream v1.2.0 h1:scBthy70MB3m4LCMFaBcmYCyR2XWOz6MxSfdSu/+fQo=
github.com/aws/aws-sdk-go-v2/aws/protocol/eventstream v1.2.0/go.mod h1:oZHzg1OVbuCiRTY0oRPM+c2HQvwnFCGJwKeSqqAJ/yM=
github.com/aws/aws-sdk-go-v2/config v1.13.0 h1:1ij3YPk13RrIn1h+pH+dArh3lNPD5JSAP+ifOkNhnB0=
github.com/aws/aws-sdk-go-v2/config v1.13.0/go.mod h1:Pjv2OafecIn+4miw9VFDCr06YhKyf/oKOkIcpQOgWKk=
github.com/aws/aws-sdk-go-v2/credentials v1.8.0 h1:8Ow0WcyDesGNL0No11jcgb1JAtE+WtubqXjgxau+S0o=
github.com/aws/aws-sdk-go-v2/credentials v1.8.0/go.mod h1:gnMo58Vwx3Mu7hj1wpcG8DI0s57c9o42UQ6wgTQT5to=
github.com/aws/aws-sdk-go-v2/feature/ec2/imds v1.10.0 h1:NITDuUZO34mqtOwFWZiXo7yAHj7kf+XPE+EiKuCBNUI=
github.com/aws/aws-sdk-go-v2/feature/ec2/imds v1.10.0/go.mod h1:I6/fHT/fH460v09eg2gVrd8B/IqskhNdpcLH0WNO3QI=
github.com/aws/aws-sdk-go-v2/feature/s3/manager v1.9.0 h1:dQYWipBpXgvM+6jz/qxBdNuI+nnerQUazRk5PmTLHlA=
github.com/aws/aws-sdk-go-v2/feature/s3/manager v1.9.0/go.mod h1:2Dy23n/UBFBS9MacM+C/Tgupmq7viabiaHlfdjeN3hk=
github.com/aws/aws-sdk-go-v2/internal/configsources v1.1.4/go.mod h1:XHgQ7Hz2WY2GAn//UXHofLfPXWh+s62MbMOijrg12Lw=
github.com/aws/aws-sdk-go-v2/internal/configsources v1.1.38 h1:c8ed/T9T2K5I+h/JzmF5tpI46+OODQ74dzmdo+QnaMg=
github.com/aws/aws-sdk-go-v2/internal/configsources v1.1.38/go.mod h1:qggunOChCMu9ZF/UkAfhTz25+U2rLVb3ya0Ua6TTfCA=
github.com/aws/aws-sdk-go-v2/internal/endpoints/v2 v2.2.0/go.mod h1:BsCSJHx5DnDXIrOcqB8KN1/B+hXLG/bi4Y6Vjcx/x9E=
github.com/aws/aws-sdk-go-v2/internal/endpoints/v2 v2.4.32 h1:hNeAAymUY5gu11WrrmFb3CVIp9Dar9hbo44yzzcQpzA=
github.com/aws/aws-sdk-go-v2/internal/endpoints/v2 v2.4.32/go.mod h1:0ZXSqrty4FtQ7p8TEuRde/SZm9X05KT18LAUlR40Ln0=
github.com/aws/aws-sdk-go-v2/internal/ini v1.3.4 h1:0NrDHIwS1LIR750ltj6ciiu4NZLpr9rgq8vHi/4QD4s=
github.com/aws/aws-sdk-go-v2/internal/ini v1.3.4/go.mod h1:R3sWUqPcfXSiF/LSFJhjyJmpg9uV6yP2yv3YZZjldVI=
github.com/aws/aws-sdk-go-v2/service/apigateway v1.13.0 h1:9V9A/8bVyGOXC82TfJPK8eF8NkONyJ61v58yNmxCErM=
github.com/aws/aws-sdk-go-v2/service/apigateway v1.13.0/go.mod h1:qrgJWLMCm9+xDHI2bZiOKcej0U/JHFSY2upPpBXdj3o=
github.com/aws/aws-sdk-go-v2/service/cognitoidentityprovider v1.12.0 h1:PTX6tsvfcHbCdCzIPiQwcqhgChafoDDHEKV0vhmIcp0=
github.com/aws/aws-sdk-go-v2/service/cognitoidentityprovider v1.12.0/go.mod h1:+2JCPmfEY1HnQvSgVuRyBAZIFBwD80yfNSchqicLSdc=
github.com/aws/aws-sdk-go-v2/service/dynamodb v1.13.0 h1:Xlmdkxi8WcIwX5Cy9BS+scWcmvARw8pg0bi7kaeERUY=
github.com/aws/aws-sdk-go-v2/service/dynamodb v1.13.0/go.mod h1:eNvoR4P1XQN7xElmYA8cWeFENLY3pfsj/5nFRItzXnA=
github.com/aws/aws-sdk-go-v2/service/ec2 v1.112.0 h1:8I4NQ9BfrQATHzXKtBuu+jBdOVd2mBANqhbMOXfSIdA=
github.com/aws/aws-sdk-go-v2/service/ec2 v1.112.0/go.mod h1:Ie0Kp61cLk223argiS+t8vO29SpbFIphzlPflIvYcv0=
github.com/aws/aws-sdk-go-v2/service/internal/accept-encoding v1.7.0 h1:F1diQIOkNn8jcez4173r+PLPdkWK7chy74r3fKpDrLI=
github.com/aws/aws-sdk-go-v2/service/internal/accept-encoding v1.7.0/go.mod h1:8ctElVINyp+SjhoZZceUAZw78glZH6R8ox5MVNu5j2s=
github.com/aws/aws-sdk-go-v2/service/internal/endpoint-discovery v1.5.0 h1:tzVhIPr/psp8Gb2Blst9mq6HklkhAGPqv2eaiSq6yoU=
github.com/aws/aws-sdk-go-v2/service/internal/endpoint-discovery v1.5.0/go.mod h1:u0rI/Mm45zCJe86J5kvPfG7pYzkVZzNjEkoTVbfOYE8=
github.com/aws/aws-sdk-go-v2/service/internal/presigned-url v1.7.0/go.mod h1:K/qPe6AP2TGYv4l6n7c88zh9jWBDf6nHhvg1fx/EWfU=
github.com/aws/aws-sdk-go-v2/service/internal/presigned-url v1.9.32 h1:dGAseBFEYxth10V23b5e2mAS+tX7oVbfYHD6dnDdAsg=
github.com/aws/aws-sdk-go-v2/service/internal/presigned-url v1.9.32/go.mod h1:4jwAWKEkCR0anWk5+1RbfSg1R5Gzld7NLiuaq5bTR/Y=
github.com/aws/aws-sdk-go-v2/service/internal/s3shared v1.11.0 h1:XAe+PDnaBELHr25qaJKfB415V4CKFWE8H+prUreql8k=
github.com/aws/aws-sdk-go-v2/service/internal/s3shared v1.11.0/go.mod h1:RMlgnt1LbOT2BxJ3cdw+qVz7KL84714LFkWtF6sLI7A=
github.com/aws/aws-sdk-go-v2/service/lambda v1.17.0 h1:srsnTp5wXXOepYDIUQBT6l1vUPeX+7RCj/5HpQsgOKE=
github.com/aws/aws-sdk-go-v2/service/lambda v1.17.0/go.mod h1:f455vPZOlCYuN4IYrjwVnaE7ZhUQroFD4SELrkbfibI=
github.com/aws/aws-sdk-go-v2/service/s3 v1.24.0 h1:REKac2iT0HYxUSzqOSuncnmsZnE3m4MlGfo1dOUN3vg=
github.com/aws/aws-sdk-go-v2/service/s3 v1.24.0/go.mod h1:oIUXg/5F0x0gy6nkwEnlxZboueddwPEKO6Xl+U6/3a0=
github.com/aws/aws-sdk-go-v2/service/s3control v1.18.0 h1:Brzv/lqg509liivC8YNxSfU951Cc56zPnge1kStOYxM=
github.com/aws/aws-sdk-go-v2/service/s3control v1.18.0/go.mod h1:88A3cNW3jg0dBBaUjL+jaDD2lMVTARxpNA5Rvf0nq2o=
github.com/aws/aws-sdk-go-v2/service/sns v1.15.0 h1:L2C+CaTVpa2kO0aijS7pVQFTGzGTmTDPcGQFp7NB/Gs=
github.com/aws/aws-sdk-go-v2/service/sns v1.15.0/go.mod h1:0cGC7JOcSXhQ1RXsq1InsRQV1WYS9kF5Gr7yZk3Nwxg=
github.com/aws/aws-sdk-go-v2/service/sqs v1.16.0 h1:dzWS4r8E9bA0TesHM40FSAtedwpTVCuTsLI8EziSqyk=
github.com/aws/aws-sdk-go-v2/service/sqs v1.16.0/go.mod h1:IBTQMG8mtyj37OWg7vIXcg714Ntcb/LlYou/rZpvV1k=
github.com/aws/aws-sdk-go-v2/service/sso v1.9.0 h1:1qLJeQGBmNQW3mBNzK2CFmrQNmoXWrscPqsrAaU1aTA=
github.com/aws/aws-sdk-go-v2/service/sso v1.9.0/go.mod h1:vCV4glupK3tR7pw7ks7Y4jYRL86VvxS+g5qk04YeWrU=
github.com/aws/aws-sdk-go-v2/service/sts v1.14.0 h1:ksiDXhvNYg0D2/UFkLejsaz3LqpW5yjNQ8Nx9Sn2c0E=
github.com/aws/aws-sdk-go-v2/service/sts v1.14.0/go.mod h1:u0xMJKDvvfocRjiozsoZglVNXRG19043xzp3r2ivLIk=
github.com/aws/smithy-go v1.10.0/go.mod h1:SObp3lf9smib00L/v3U2eAKG8FyQ7iLrJnQiAmR5n+E=
github.com/aws/smithy-go v1.14.1 h1:EFKMUmH/iHMqLiwoEDx2rRjRQpI1YCn5jTysoaDujFs=
github.com/aws/smithy-go v1.14.1/go.mod h1:Tg+OJXh4MB2R/uN61Ko2f6hTZwB/ZYGOtib8J3gBHzA=
github.com/cpuguy83/go-md2man/v2 v2.0.2 h1:p1EgwI/C7NhT0JmVkwCD2ZBK8j4aeHQX2pMHHBfMQ6w=
github.com/cpuguy83/go-md2man/v2 v2.0.2/go.mod h1:tgQtvFlXSQOSOSIRvRPT7W67SCa46tRHOmNcaadrF8o=
github.com/creack/pty v1.1.9/go.mod h1:oKZEueFk5CKHvIhNR5MUki03XCEU+Q6VDXinZuGJ33E=
github.com/davecgh/go-spew v1.1.0/go.mod h1:J7Y8YcW2NihsgmVo/mv3lAwl/skON4iLHjSsI+c5H38=
github.com/davecgh/go-spew v1.1.1 h1:vj9j/u1bqnvCEfJOwUhtlOARqs3+rkHYY13jYWTU97c=
github.com/davecgh/go-spew v1.1.1/go.mod h1:J7Y8YcW2NihsgmVo/mv3lAwl/skON4iLHjSsI+c5H38=
github.com/felipemarinho97/invest-path/clients v1.2.0 h1:tfXhVMQ05vAaYrepos8Yqc2WbYGGN7lDWmXxh/9nvik=
github.com/felipemarinho97/invest-path/clients v1.2.0/go.mod h1:eYFZ6AjcODkkGQ6URXFMg/InnIHFrS9lvbnlZjqcwCw=
github.com/felipemarinho97/invest-path/util v1.0.1 h1:mqeu2Y0hvA+TPT2yh6ldgCa5mR5vOr2Y/N6cK5xSN50=
github.com/felipemarinho97/invest-path/util v1.0.1/go.mod h1:gRZfli1UipQJ/VLRPy2fZN1OWlTpD1CM/frxIet820Q=
github.com/go-playground/assert/v2 v2.0.1 h1:MsBgLAaY856+nPRTKrp3/OZK38U/wa0CcBYNjji3q3A=
github.com/go-playground/assert/v2 v2.0.1/go.mod h1:VDjEfimB/XKnb+ZQfWdccd7VUvScMdVu0Titje2rxJ4=
github.com/go-playground/locales v0.14.0 h1:u50s323jtVGugKlcYeyzC0etD1HifMjqmJqb8WugfUU=
github.com/go-playground/locales v0.14.0/go.mod h1:sawfccIbzZTqEDETgFXqTho0QybSa7l++s0DH+LDiLs=
github.com/go-playground/universal-translator v0.18.0 h1:82dyy6p4OuJq4/CByFNOn/jYrnRPArHwAcmLoJZxyho=
github.com/go-playground/universal-translator v0.18.0/go.mod h1:UvRDBj+xPUEGrFYl+lu/H90nyDXpg0fqeB/AQUGNTVA=
github.com/go-playground/validator/v10 v10.11.0 h1:0W+xRM511GY47Yy3bZUbJVitCNg2BOGlCyvTqsp/xIw=
github.com/go-playground/validator/v10 v10.11.0/go.mod h1:i+3WkQ1FvaUjjxh1kSvIA4dMGDBiPU55YFDl0WbKdWU=
github.com/google/go-cmp v0.5.4/go.mod h1:v8dTdLbMG2kIc/vJvl+f65V22dbkXbowE6jgT/gNBxE=
github.com/google/go-cmp v0.5.6/go.mod h1:v8dTdLbMG2kIc/vJvl+f65V22dbkXbowE6jgT/gNBxE=
github.com/google/go-cmp v0.5.8 h1:e6P7q2lk1O+qJJb4BtCQXlK8vWEO8V1ZeuEdJNOqZyg=
github.com/google/go-cmp v0.5.8/go.mod h1:17dUlkBOakJ0+DkrSSNjCkIjxS6bF9zb3elmeNGIjoY=
github.com/jmespath/go-jmespath v0.4.0 h1:BEgLn5cpjn8UN1mAw4NjwDrS35OdebyEtFe+9YPoQUg=
github.com/jmespath/go-jmespath v0.4.0/go.mod h1:T8mJZnbsbmF+m6zOOFylbeCJqk5+pHWvzYPziyZiYoo=
github.com/jmespath/go-jmespath/internal/testify v1.5.1 h1:shLQSRRSCCPj3f2gpwzGwWFoC7ycTf1rcQZHOlsJ6N8=
github.com/jmespath/go-jmespath/internal/testify v1.5.1/go.mod h1:L3OGu8Wl2/fWfCI6z80xFu9LTZmf1ZRjMHUOPmWr69U=
github.com/kr/pretty v0.1.0/go.mod h1:dAy3ld7l9f0ibDNOQOHHMYYIIbhfbHSm3C4ZsoJORNo=
github.com/kr/pretty v0.2.1/go.mod h1:ipq/a2n7PKx3OHsz4KJII5eveXtPO4qwEXGdVfWzfnI=
github.com/kr/pretty v0.3.0 h1:WgNl7dwNpEZ6jJ9k1snq4pZsg7DOEN8hP9Xw0Tsjwk0=
github.com/kr/pretty v0.3.0/go.mod h1:640gp4NfQd8pI5XOwp5fnNeVWj67G7CFk/SaSQn7NBk=
github.com/kr/pty v1.1.1/go.mod h1:pFQYn66WHrOpPYNljwOMqo10TkYh1fy3cYio2l3bCsQ=
github.com/kr/text v0.1.0/go.mod h1:4Jbv+DJW3UT/LiOwJeYQe1efqtUx/iVham/4vfdArNI=
github.com/kr/text v0.2.0 h1:5Nx0Ya0ZqY2ygV366QzturHI13Jq95ApcVaJBhpS+AY=
github.com/kr/text v0.2.0/go.mod h1:eLer722TekiGuMkidMxC/pM04lWEeraHUUmBw8l2grE=
github.com/leodido/go-urn v1.2.1 h1:BqpAaACuzVSgi/VLzGZIobT2z4v53pjosyNd9Yv6n/w=
github.com/leodido/go-urn v1.2.1/go.mod h1:zt4jvISO2HfUBqxjfIshjdMTYS56ZS/qv49ictyFfxY=
github.com/pkg/diff v0.0.0-20210226163009-20ebb0f2a09e/go.mod h1:pJLUxLENpZxwdsKMEsNbx1VGcRFpLqf3715MtcvvzbA=
github.com/pkg/errors v0.9.1/go.mod h1:bwawxfHBFNV+L2hUp1rHADufV3IMtnDRdf1r5NINEl0=
github.com/pmezard/go-difflib v1.0.0 h1:4DBwDE0NGyQoBHbLQYPwSUPoCMWR5BEzIk/f1lZbAQM=
github.com/pmezard/go-difflib v1.0.0/go.mod h1:iKH77koFhYxTK1pcRnkKkqfTogsbg7gZNVY4sRDYZ/4=
github.com/rogpeppe/go-internal v1.6.1/go.mod h1:xXDCJY+GAPziupqXw64V24skbSoqbTEfhy4qGm1nDQc=
github.com/rogpeppe/go-internal v1.8.0 h1:FCbCCtXNOY3UtUuHUYaghJg4y7Fd14rXifAYUAtL9R8=
github.com/rogpeppe/go-internal v1.8.0/go.mod h1:WmiCO8CzOY8rg0OYDC4/i/2WRWAB6poM+XZ2dLUbcbE=
github.com/russross/blackfriday/v2 v2.1.0 h1:JIOH55/0cWyOuilr9/qlrm0BSXldqnqwMsf35Ld67mk=
github.com/russross/blackfriday/v2 v2.1.0/go.mod h1:+Rmxgy9KzJVeS9/2gXHxylqXiyQDYRxCVz55jmeOWTM=
github.com/samber/lo v1.38.1 h1:j2XEAqXKb09Am4ebOg31SpvzUTTs6EN3VfgeLUhPdXM=
github.com/samber/lo v1.38.1/go.mod h1:+m/ZKRl6ClXCE2Lgf3MsQlWfh4bn1bz6CXEOxnEXnEA=
github.com/satori/go.uuid v1.2.0 h1:0uYX9dsZ2yD7q2RtLRtPSdGDWzjeM3TbMJP9utgA0ww=
github.com/satori/go.uuid v1.2.0/go.mod h1:dA0hQrYB0VpLJoorglMZABFdXlWrHn1NEOzdhQKdks0=
github.com/stretchr/objx v0.1.0/go.mod h1:HFkY916IF+rwdDfMAkV7OtwuqBVzrE8GR6GFx+wExME=
github.com/stretchr/testify v1.6.1/go.mod h1:6Fq8oRcR53rry900zMqJjRRixrwX3KX962/h/Wwjteg=
github.com/stretchr/testify v1.7.0 h1:nwc3DEeHmmLAfoZucVR881uASk0Mfjw8xYJ99tb5CcY=
github.com/stretchr/testify v1.7.0/go.mod h1:6Fq8oRcR53rry900zMqJjRRixrwX3KX962/h/Wwjteg=
github.com/urfave/cli/v2 v2.25.7 h1:VAzn5oq403l5pHjc4OhD54+XGO9cdKVL/7lDjF+iKUs=
github.com/urfave/cli/v2 v2.25.7/go.mod h1:8qnjx1vcq5s2/wpsqoZFndg2CE5tNFyrTvS6SinrnYQ=
github.com/xrash/smetrics v0.0.0-20201216005158-039620a65673 h1:bAn7/zixMGCfxrRTfdpNzjtPYqr8smhKouy9mxVdGPU=
github.com/xrash/smetrics v0.0.0-20201216005158-039620a65673/go.mod h1:N3UwUGtsrSj3ccvlPHLoLsHnpR27oXr4ZE984MbSER8=
golang.org/x/crypto v0.0.0-20211215153901-e495a2d5b3d3/go.mod h1:IxCIyHEi3zRg3s0A5j5BB6A9Jmi73HwBIUl50j+osU4=
golang.org/x/crypto v0.0.0-20220131195533-30dcbda58838 h1:71vQrMauZZhcTVK6KdYM+rklehEEwb3E+ZhaE5jrPrE=
golang.org/x/crypto v0.0.0-20220131195533-30dcbda58838/go.mod h1:IxCIyHEi3zRg3s0A5j5BB6A9Jmi73HwBIUl50j+osU4=
golang.org/x/exp v0.0.0-20220303212507-bbda1eaf7a17 h1:3MTrJm4PyNL9NBqvYDSj3DHl46qQakyfqfWo4jgfaEM=
golang.org/x/exp v0.0.0-20220303212507-bbda1eaf7a17/go.mod h1:lgLbSvA5ygNOMpwM/9anMpWVlVJ7Z+cHWq/eFuinpGE=
golang.org/x/net v0.0.0-20211112202133-69e39bad7dc2/go.mod h1:9nx3DQGgdP8bBQD5qxJ1jj9UTztislL4KSBs9R2vV5Y=
golang.org/x/net v0.0.0-20220127200216-cd36cc0744dd/go.mod h1:CfG3xpIq0wQ8r1q4Su4UZFWDARRcnwPjda9FqA0JpMk=
golang.org/x/sys v0.0.0-20201119102817-f84b799fce68/go.mod h1:h1NjWce9XRLGQEsW7wpKNCjG9DtNlClVuFLEZdDNbEs=
golang.org/x/sys v0.0.0-20210423082822-04245dca01da/go.mod h1:h1NjWce9XRLGQEsW7wpKNCjG9DtNlClVuFLEZdDNbEs=
golang.org/x/sys v0.0.0-20210615035016-665e8c7367d1/go.mod h1:oPkhp1MJrh7nUepCBck5+mAzfO9JrbApNNgaTdGDITg=
golang.org/x/sys v0.0.0-20210806184541-e5e7981a1069/go.mod h1:oPkhp1MJrh7nUepCBck5+mAzfO9JrbApNNgaTdGDITg=
golang.org/x/sys v0.0.0-20211216021012-1d35b9e2eb4e/go.mod h1:oPkhp1MJrh7nUepCBck5+mAzfO9JrbApNNgaTdGDITg=
golang.org/x/sys v0.0.0-20220128215802-99c3d69c2c27 h1:XDXtA5hveEEV8JB2l7nhMTp3t3cHp9ZpwcdjqyEWLlo=
golang.org/x/sys v0.0.0-20220128215802-99c3d69c2c27/go.mod h1:oPkhp1MJrh7nUepCBck5+mAzfO9JrbApNNgaTdGDITg=
golang.org/x/term v0.0.0-20201126162022-7de9c90e9dd1/go.mod h1:bj7SfCRtBDWHUb9snDiAeCFNEtKQo2Wmx5Cou7ajbmo=
golang.org/x/term v0.0.0-20210927222741-03fcf44c2211 h1:JGgROgKl9N8DuW20oFS5gxc+lE67/N3FcwmBPMe7ArY=
golang.org/x/term v0.0.0-20210927222741-03fcf44c2211/go.mod h1:jbD1KX2456YbFQfuXm/mYQcufACuNUgVhRMnK/tPxf8=
golang.org/x/text v0.3.6/go.mod h1:5Zoc/QRtKVWzQhOtBMvqHzDpF6irO9z98xDceosuGiQ=
golang.org/x/text v0.3.7 h1:olpwvP2KacW1ZWvsR7uQhoyTYvKAupfQrRGBFM352Gk=
golang.org/x/text v0.3.7/go.mod h1:u+2+/6zg+i71rQMx5EYifcz6MCKuco9NR6JIITiCfzQ=
golang.org/x/tools v0.0.0-20180917221912-90fa682c2a6e/go.mod h1:n7NCudcB/nEzxVGmLbDWY5pfWTLqBcC2KZ6jyYvM4mQ=
golang.org/x/xerrors v0.0.0-20191204190536-9bdfabe68543/go.mod h1:I/5z698sn9Ka8TeJc9MKroUUfqBBauWjQqLJ2OPfmY0=
gopkg.in/check.v1 v0.0.0-20161208181325-20d25e280405/go.mod h1:Co6ibVJAznAaIkqp8huTwlJQCZ016jof/cbN4VW5Yz0=
gopkg.in/check.v1 v1.0.0-20180628173108-788fd7840127/go.mod h1:Co6ibVJAznAaIkqp8huTwlJQCZ016jof/cbN4VW5Yz0=
gopkg.in/check.v1 v1.0.0-20201130134442-10cb98267c6c h1:Hei/4ADfdWqJk1ZMxUNpqntNwaWcugrBjAiHlqqRiVk=
gopkg.in/check.v1 v1.0.0-20201130134442-10cb98267c6c/go.mod h1:JHkPIbrfpd72SG/EVd6muEfDQjcINNoR0C8j2r3qZ4Q=
gopkg.in/errgo.v2 v2.1.0/go.mod h1:hNsd1EY+bozCKY1Ytp96fpM3vjJbqLJn88ws8XvfDNI=
gopkg.in/yaml.v2 v2.2.8 h1:obN1ZagJSUGI0Ek/LBmuj4SNLPfIny3KsKFopxRdj10=
gopkg.in/yaml.v2 v2.2.8/go.mod h1:hI93XBmqTisBFMUTm0b8Fm+jr3Dg1NNxqwp+5A1VGuI=
gopkg.in/yaml.v3 v3.0.0-20200313102051-9f266ea9e77c/go.mod h1:K4uyk7z7BCEPqu6E+C64Yfv1cQ7kz7rIZviUmN+EgEM=
gopkg.in/yaml.v3 v3.0.0-20210107192922-496545a6307b/go.mod h1:K4uyk7z7BCEPqu6E+C64Yfv1cQ7kz7rIZviUmN+EgEM=
gopkg.in/yaml.v3 v3.0.1 h1:fxVm/GzAzEWqLHuvctI91KS9hhNmmWOoWu0XTYJS7CA=
gopkg.in/yaml.v3 v3.0.1/go.mod h1:K4uyk7z7BCEPqu6E+C64Yfv1cQ7kz7rIZviUmN+EgEM=
